
Microsoft Visual Studio Solution File, Format Version 12.00
# Visual Studio Version 17
VisualStudioVersion = 17.1.32127.271
MinimumVisualStudioVersion = 10.0.40219.1
Project("{2150E333-8FDC-42A3-9474-1A3956D46DE8}") = "Solution Items", "Solution Items", "{206EA3ED-A8D9-4622-B891-A971DFDA1CA4}"
	ProjectSection(SolutionItems) = preProject
		Changelog.md = Changelog.md
		Readme.md = Readme.md
	EndProjectSection
EndProject
Project("{9A19103F-16F7-4668-BE54-9A1E7A4F7556}") = "Installer", "Installer\Installer.csproj", "{5D52F2C5-3944-453A-93EB-502C02B2F35D}"
EndProject
Project("{9A19103F-16F7-4668-BE54-9A1E7A4F7556}") = "Build", "Build\Build.csproj", "{48FCDBBE-32C3-485E-BD02-4B85BB8D3B87}"
EndProject
Project("{9A19103F-16F7-4668-BE54-9A1E7A4F7556}") = "RevitLookupWpf", "RevitLookup\RevitLookupWpf.csproj", "{A70650C6-71C9-48CA-A20E-0ECBA81E5B28}"
EndProject
Global
	GlobalSection(SolutionConfigurationPlatforms) = preSolution
		Debug R19|Any CPU = Debug R19|Any CPU
		Debug R22|Any CPU = Debug R22|Any CPU
		Debug R23|Any CPU = Debug R23|Any CPU
		Installer|Any CPU = Installer|Any CPU
		Release R19|Any CPU = Release R19|Any CPU
		Release R20|Any CPU = Release R20|Any CPU
		Release R21|Any CPU = Release R21|Any CPU
		Release R22|Any CPU = Release R22|Any CPU
		Release R23|Any CPU = Release R23|Any CPU
	EndGlobalSection
	GlobalSection(ProjectConfigurationPlatforms) = postSolution
		{5D52F2C5-3944-453A-93EB-502C02B2F35D}.Debug R19|Any CPU.ActiveCfg = Debug|Any CPU
		{5D52F2C5-3944-453A-93EB-502C02B2F35D}.Debug R22|Any CPU.ActiveCfg = Debug|Any CPU
		{5D52F2C5-3944-453A-93EB-502C02B2F35D}.Debug R23|Any CPU.ActiveCfg = Debug|Any CPU
		{5D52F2C5-3944-453A-93EB-502C02B2F35D}.Installer|Any CPU.ActiveCfg = Release|Any CPU
		{5D52F2C5-3944-453A-93EB-502C02B2F35D}.Installer|Any CPU.Build.0 = Release|Any CPU
		{5D52F2C5-3944-453A-93EB-502C02B2F35D}.Release R19|Any CPU.ActiveCfg = Release|Any CPU
		{5D52F2C5-3944-453A-93EB-502C02B2F35D}.Release R20|Any CPU.ActiveCfg = Release|Any CPU
		{5D52F2C5-3944-453A-93EB-502C02B2F35D}.Release R21|Any CPU.ActiveCfg = Release|Any CPU
		{5D52F2C5-3944-453A-93EB-502C02B2F35D}.Release R22|Any CPU.ActiveCfg = Release|Any CPU
		{5D52F2C5-3944-453A-93EB-502C02B2F35D}.Release R23|Any CPU.ActiveCfg = Release|Any CPU
		{5D52F2C5-3944-453A-93EB-502C02B2F35D}.Debug R23|Any CPU.ActiveCfg = Debug|Any CPU
		{48FCDBBE-32C3-485E-BD02-4B85BB8D3B87}.Debug R19|Any CPU.ActiveCfg = Debug|Any CPU
		{48FCDBBE-32C3-485E-BD02-4B85BB8D3B87}.Debug R22|Any CPU.ActiveCfg = Debug|Any CPU
		{48FCDBBE-32C3-485E-BD02-4B85BB8D3B87}.Debug R23|Any CPU.ActiveCfg = Debug|Any CPU
		{48FCDBBE-32C3-485E-BD02-4B85BB8D3B87}.Installer|Any CPU.ActiveCfg = Release|Any CPU
		{48FCDBBE-32C3-485E-BD02-4B85BB8D3B87}.Release R19|Any CPU.ActiveCfg = Release|Any CPU
		{48FCDBBE-32C3-485E-BD02-4B85BB8D3B87}.Release R20|Any CPU.ActiveCfg = Release|Any CPU
		{48FCDBBE-32C3-485E-BD02-4B85BB8D3B87}.Release R21|Any CPU.ActiveCfg = Release|Any CPU
		{48FCDBBE-32C3-485E-BD02-4B85BB8D3B87}.Release R22|Any CPU.ActiveCfg = Release|Any CPU
		{48FCDBBE-32C3-485E-BD02-4B85BB8D3B87}.Release R23|Any CPU.ActiveCfg = Release|Any CPU
		{48FCDBBE-32C3-485E-BD02-4B85BB8D3B87}.Debug R23|Any CPU.ActiveCfg = Debug|Any CPU
		{A70650C6-71C9-48CA-A20E-0ECBA81E5B28}.Debug R19|Any CPU.ActiveCfg = Debug R19|Any CPU
		{A70650C6-71C9-48CA-A20E-0ECBA81E5B28}.Debug R19|Any CPU.Build.0 = Debug R19|Any CPU
		{A70650C6-71C9-48CA-A20E-0ECBA81E5B28}.Debug R22|Any CPU.ActiveCfg = Debug R22|Any CPU
		{A70650C6-71C9-48CA-A20E-0ECBA81E5B28}.Debug R22|Any CPU.Build.0 = Debug R22|Any CPU
		{A70650C6-71C9-48CA-A20E-0ECBA81E5B28}.Debug R23|Any CPU.ActiveCfg = Debug R23|Any CPU
		{A70650C6-71C9-48CA-A20E-0ECBA81E5B28}.Debug R23|Any CPU.Build.0 = Debug R23|Any CPU
		{A70650C6-71C9-48CA-A20E-0ECBA81E5B28}.Installer|Any CPU.ActiveCfg = Debug R23|Any CPU
		{A70650C6-71C9-48CA-A20E-0ECBA81E5B28}.Installer|Any CPU.Build.0 = Debug R23|Any CPU
		{A70650C6-71C9-48CA-A20E-0ECBA81E5B28}.Release R19|Any CPU.ActiveCfg = Release R19|Any CPU
		{A70650C6-71C9-48CA-A20E-0ECBA81E5B28}.Release R19|Any CPU.Build.0 = Release R19|Any CPU
		{A70650C6-71C9-48CA-A20E-0ECBA81E5B28}.Release R20|Any CPU.ActiveCfg = Release R20|Any CPU
		{A70650C6-71C9-48CA-A20E-0ECBA81E5B28}.Release R20|Any CPU.Build.0 = Release R20|Any CPU
		{A70650C6-71C9-48CA-A20E-0ECBA81E5B28}.Release R21|Any CPU.ActiveCfg = Release R21|Any CPU
		{A70650C6-71C9-48CA-A20E-0ECBA81E5B28}.Release R21|Any CPU.Build.0 = Release R21|Any CPU
		{A70650C6-71C9-48CA-A20E-0ECBA81E5B28}.Release R22|Any CPU.ActiveCfg = Release R22|Any CPU
		{A70650C6-71C9-48CA-A20E-0ECBA81E5B28}.Release R22|Any CPU.Build.0 = Release R22|Any CPU
		{A70650C6-71C9-48CA-A20E-0ECBA81E5B28}.Release R23|Any CPU.ActiveCfg = Release R23|Any CPU
		{A70650C6-71C9-48CA-A20E-0ECBA81E5B28}.Release R23|Any CPU.Build.0 = Release R23|Any CPU
		{A70650C6-71C9-48CA-A20E-0ECBA81E5B28}.Debug R23|Any CPU.ActiveCfg = Debug R23|Any CPU
		{A70650C6-71C9-48CA-A20E-0ECBA81E5B28}.Debug R23|Any CPU.Build.0 = Debug R23|Any CPU
	EndGlobalSection
	GlobalSection(SolutionProperties) = preSolution
		HideSolutionNode = FALSE
	EndGlobalSection
	GlobalSection(ExtensibilityGlobals) = postSolution
		SolutionGuid = {FB0FF53F-E817-4D67-9448-674656DA26C8}
	EndGlobalSection
EndGlobal
